// !$*UTF8*$!
{
	archiveVersion = 1;
	classes = {
	};
	objectVersion = 56;
	objects = {

/* Begin PBXBuildFile section */
		BBF779AE2C28044600C5F199 /* AppDelegate.swift in Sources */ = {isa = PBXBuildFile; fileRef = BBF779AD2C28044600C5F199 /* AppDelegate.swift */; };
		BBF779B02C28044600C5F199 /* SceneDelegate.swift in Sources */ = {isa = PBXBuildFile; fileRef = BBF779AF2C28044600C5F199 /* SceneDelegate.swift */; };
		BBF779B72C28044800C5F199 /* Assets.xcassets in Resources */ = {isa = PBXBuildFile; fileRef = BBF779B62C28044800C5F199 /* Assets.xcassets */; };
		BBF779BA2C28044800C5F199 /* LaunchScreen.storyboard in Resources */ = {isa = PBXBuildFile; fileRef = BBF779B82C28044800C5F199 /* LaunchScreen.storyboard */; };
		BBF779C32C28057C00C5F199 /* Extensions.swift in Sources */ = {isa = PBXBuildFile; fileRef = BBF779C22C28057C00C5F199 /* Extensions.swift */; };
		BBF779C62C280BF400C5F199 /* TabBarController.swift in Sources */ = {isa = PBXBuildFile; fileRef = BBF779C52C280BF400C5F199 /* TabBarController.swift */; };
		BBF779C82C294F0200C5F199 /* CurrenciesViewController.swift in Sources */ = {isa = PBXBuildFile; fileRef = BBF779C72C294F0200C5F199 /* CurrenciesViewController.swift */; };
		BBF779CB2C2959CE00C5F199 /* CustomTabBar.swift in Sources */ = {isa = PBXBuildFile; fileRef = BBF779CA2C2959CE00C5F199 /* CustomTabBar.swift */; };
		BBF779CF2C29697100C5F199 /* Mulish-VariableFont_wght.ttf in Resources */ = {isa = PBXBuildFile; fileRef = BBF779CE2C29697100C5F199 /* Mulish-VariableFont_wght.ttf */; };
		BBF779D12C296F8700C5F199 /* CurrencyCell.swift in Sources */ = {isa = PBXBuildFile; fileRef = BBF779D02C296F8700C5F199 /* CurrencyCell.swift */; };
		BBF779D32C298D9D00C5F199 /* FavouriteViewController.swift in Sources */ = {isa = PBXBuildFile; fileRef = BBF779D22C298D9D00C5F199 /* FavouriteViewController.swift */; };
		BBF779D62C299C8E00C5F199 /* BaseViewController.swift in Sources */ = {isa = PBXBuildFile; fileRef = BBF779D52C299C8E00C5F199 /* BaseViewController.swift */; };
		BBF779D92C299D2B00C5F199 /* Modals.swift in Sources */ = {isa = PBXBuildFile; fileRef = BBF779D82C299D2B00C5F199 /* Modals.swift */; };
/* End PBXBuildFile section */

/* Begin PBXFileReference section */
		BBF779AA2C28044600C5F199 /* Currency.app */ = {isa = PBXFileReference; explicitFileType = wrapper.application; includeInIndex = 0; path = Currency.app; sourceTree = BUILT_PRODUCTS_DIR; };
		BBF779AD2C28044600C5F199 /* AppDelegate.swift */ = {isa = PBXFileReference; lastKnownFileType = sourcecode.swift; path = AppDelegate.swift; sourceTree = "<group>"; };
		BBF779AF2C28044600C5F199 /* SceneDelegate.swift */ = {isa = PBXFileReference; lastKnownFileType = sourcecode.swift; path = SceneDelegate.swift; sourceTree = "<group>"; };
		BBF779B62C28044800C5F199 /* Assets.xcassets */ = {isa = PBXFileReference; lastKnownFileType = folder.assetcatalog; path = Assets.xcassets; sourceTree = "<group>"; };
		BBF779B92C28044800C5F199 /* Base */ = {isa = PBXFileReference; lastKnownFileType = file.storyboard; name = Base; path = Base.lproj/LaunchScreen.storyboard; sourceTree = "<group>"; };
		BBF779BB2C28044800C5F199 /* Info.plist */ = {isa = PBXFileReference; lastKnownFileType = text.plist.xml; path = Info.plist; sourceTree = "<group>"; };
		BBF779C22C28057C00C5F199 /* Extensions.swift */ = {isa = PBXFileReference; lastKnownFileType = sourcecode.swift; path = Extensions.swift; sourceTree = "<group>"; };
		BBF779C52C280BF400C5F199 /* TabBarController.swift */ = {isa = PBXFileReference; lastKnownFileType = sourcecode.swift; path = TabBarController.swift; sourceTree = "<group>"; };
		BBF779C72C294F0200C5F199 /* CurrenciesViewController.swift */ = {isa = PBXFileReference; lastKnownFileType = sourcecode.swift; path = CurrenciesViewController.swift; sourceTree = "<group>"; };
		BBF779CA2C2959CE00C5F199 /* CustomTabBar.swift */ = {isa = PBXFileReference; lastKnownFileType = sourcecode.swift; path = CustomTabBar.swift; sourceTree = "<group>"; };
		BBF779CE2C29697100C5F199 /* Mulish-VariableFont_wght.ttf */ = {isa = PBXFileReference; lastKnownFileType = file; path = "Mulish-VariableFont_wght.ttf"; sourceTree = "<group>"; };
		BBF779D02C296F8700C5F199 /* CurrencyCell.swift */ = {isa = PBXFileReference; lastKnownFileType = sourcecode.swift; path = CurrencyCell.swift; sourceTree = "<group>"; };
		BBF779D22C298D9D00C5F199 /* FavouriteViewController.swift */ = {isa = PBXFileReference; lastKnownFileType = sourcecode.swift; path = FavouriteViewController.swift; sourceTree = "<group>"; };
		BBF779D52C299C8E00C5F199 /* BaseViewController.swift */ = {isa = PBXFileReference; lastKnownFileType = sourcecode.swift; path = BaseViewController.swift; sourceTree = "<group>"; };
		BBF779D82C299D2B00C5F199 /* Modals.swift */ = {isa = PBXFileReference; lastKnownFileType = sourcecode.swift; path = Modals.swift; sourceTree = "<group>"; };
/* End PBXFileReference section */

/* Begin PBXFrameworksBuildPhase section */
		BBF779A72C28044600C5F199 /* Frameworks */ = {
			isa = PBXFrameworksBuildPhase;
			buildActionMask = 2147483647;
			files = (
			);
			runOnlyForDeploymentPostprocessing = 0;
		};
/* End PBXFrameworksBuildPhase section */

/* Begin PBXGroup section */
		BBF779A12C28044600C5F199 = {
			isa = PBXGroup;
			children = (
				BBF779AC2C28044600C5F199 /* Currency */,
				BBF779AB2C28044600C5F199 /* Products */,
			);
			sourceTree = "<group>";
		};
		BBF779AB2C28044600C5F199 /* Products */ = {
			isa = PBXGroup;
			children = (
				BBF779AA2C28044600C5F199 /* Currency.app */,
			);
			name = Products;
			sourceTree = "<group>";
		};
		BBF779AC2C28044600C5F199 /* Currency */ = {
			isa = PBXGroup;
			children = (
				BBF779CD2C29695D00C5F199 /* Fonts */,
				BBF779D72C299D0E00C5F199 /* Models */,
				BBF779C92C2959A000C5F199 /* Views */,
				BBF779CC2C295A3F00C5F199 /* ViewControllers */,
				BBF779C42C28076600C5F199 /* App */,
				BBF779C12C28056B00C5F199 /* Utils */,
				BBF779B62C28044800C5F199 /* Assets.xcassets */,
				BBF779B82C28044800C5F199 /* LaunchScreen.storyboard */,
				BBF779BB2C28044800C5F199 /* Info.plist */,
			);
			path = Currency;
			sourceTree = "<group>";
		};
		BBF779C12C28056B00C5F199 /* Utils */ = {
			isa = PBXGroup;
			children = (
				BBF779C22C28057C00C5F199 /* Extensions.swift */,
			);
			path = Utils;
			sourceTree = "<group>";
		};
		BBF779C42C28076600C5F199 /* App */ = {
			isa = PBXGroup;
			children = (
				BBF779AD2C28044600C5F199 /* AppDelegate.swift */,
				BBF779AF2C28044600C5F199 /* SceneDelegate.swift */,
			);
			path = App;
			sourceTree = "<group>";
		};
		BBF779C92C2959A000C5F199 /* Views */ = {
			isa = PBXGroup;
			children = (
				BBF779CA2C2959CE00C5F199 /* CustomTabBar.swift */,
				BBF779D02C296F8700C5F199 /* CurrencyCell.swift */,
			);
			path = Views;
			sourceTree = "<group>";
		};
		BBF779CC2C295A3F00C5F199 /* ViewControllers */ = {
			isa = PBXGroup;
			children = (
				BBF779D42C299C7E00C5F199 /* Common */,
				BBF779C72C294F0200C5F199 /* CurrenciesViewController.swift */,
				BBF779D22C298D9D00C5F199 /* FavouriteViewController.swift */,
				BBF779C52C280BF400C5F199 /* TabBarController.swift */,
			);
			path = ViewControllers;
			sourceTree = "<group>";
		};
		BBF779CD2C29695D00C5F199 /* Fonts */ = {
			isa = PBXGroup;
			children = (
				BBF779CE2C29697100C5F199 /* Mulish-VariableFont_wght.ttf */,
			);
			path = Fonts;
			sourceTree = "<group>";
		};
		BBF779D42C299C7E00C5F199 /* Common */ = {
			isa = PBXGroup;
			children = (
				BBF779D52C299C8E00C5F199 /* BaseViewController.swift */,
			);
			path = Common;
			sourceTree = "<group>";
		};
		BBF779D72C299D0E00C5F199 /* Models */ = {
			isa = PBXGroup;
			children = (
				BBF779D82C299D2B00C5F199 /* Modals.swift */,
			);
			path = Models;
			sourceTree = "<group>";
		};
/* End PBXGroup section */

/* Begin PBXNativeTarget section */
		BBF779A92C28044600C5F199 /* Currency */ = {
			isa = PBXNativeTarget;
			buildConfigurationList = BBF779BE2C28044800C5F199 /* Build configuration list for PBXNativeTarget "Currency" */;
			buildPhases = (
				BBF779A62C28044600C5F199 /* Sources */,
				BBF779A72C28044600C5F199 /* Frameworks */,
				BBF779A82C28044600C5F199 /* Resources */,
			);
			buildRules = (
			);
			dependencies = (
			);
			name = Currency;
			productName = Currency;
			productReference = BBF779AA2C28044600C5F199 /* Currency.app */;
			productType = "com.apple.product-type.application";
		};
/* End PBXNativeTarget section */

/* Begin PBXProject section */
		BBF779A22C28044600C5F199 /* Project object */ = {
			isa = PBXProject;
			attributes = {
				BuildIndependentTargetsInParallel = 1;
				LastSwiftUpdateCheck = 1520;
				LastUpgradeCheck = 1520;
				TargetAttributes = {
					BBF779A92C28044600C5F199 = {
						CreatedOnToolsVersion = 15.2;
					};
				};
			};
			buildConfigurationList = BBF779A52C28044600C5F199 /* Build configuration list for PBXProject "Currency" */;
			compatibilityVersion = "Xcode 14.0";
			developmentRegion = en;
			hasScannedForEncodings = 0;
			knownRegions = (
				en,
				Base,
			);
			mainGroup = BBF779A12C28044600C5F199;
			productRefGroup = BBF779AB2C28044600C5F199 /* Products */;
			projectDirPath = "";
			projectRoot = "";
			targets = (
				BBF779A92C28044600C5F199 /* Currency */,
			);
		};
/* End PBXProject section */

/* Begin PBXResourcesBuildPhase section */
		BBF779A82C28044600C5F199 /* Resources */ = {
			isa = PBXResourcesBuildPhase;
			buildActionMask = 2147483647;
			files = (
				BBF779BA2C28044800C5F199 /* LaunchScreen.storyboard in Resources */,
				BBF779B72C28044800C5F199 /* Assets.xcassets in Resources */,
				BBF779CF2C29697100C5F199 /* Mulish-VariableFont_wght.ttf in Resources */,
			);
			runOnlyForDeploymentPostprocessing = 0;
		};
/* End PBXResourcesBuildPhase section */

/* Begin PBXSourcesBuildPhase section */
		BBF779A62C28044600C5F199 /* Sources */ = {
			isa = PBXSourcesBuildPhase;
			buildActionMask = 2147483647;
			files = (
				BBF779D62C299C8E00C5F199 /* BaseViewController.swift in Sources */,
				BBF779AE2C28044600C5F199 /* AppDelegate.swift in Sources */,
				BBF779CB2C2959CE00C5F199 /* CustomTabBar.swift in Sources */,
				BBF779D92C299D2B00C5F199 /* Modals.swift in Sources */,
				BBF779B02C28044600C5F199 /* SceneDelegate.swift in Sources */,
				BBF779C82C294F0200C5F199 /* CurrenciesViewController.swift in Sources */,
				BBF779D32C298D9D00C5F199 /* FavouriteViewController.swift in Sources */,
				BBF779D12C296F8700C5F199 /* CurrencyCell.swift in Sources */,
				BBF779C62C280BF400C5F199 /* TabBarController.swift in Sources */,
				BBF779C32C28057C00C5F199 /* Extensions.swift in Sources */,
			);
			runOnlyForDeploymentPostprocessing = 0;
		};
/* End PBXSourcesBuildPhase section */

/* Begin PBXVariantGroup section */
		BBF779B82C28044800C5F199 /* LaunchScreen.storyboard */ = {
			isa = PBXVariantGroup;
			children = (
				BBF779B92C28044800C5F199 /* Base */,
			);
			name = LaunchScreen.storyboard;
			sourceTree = "<group>";
		};
/* End PBXVariantGroup section */

/* Begin XCBuildConfiguration section */
		BBF779BC2C28044800C5F199 /* Debug */ = {
			isa = XCBuildConfiguration;
			buildSettings = {
				ALWAYS_SEARCH_USER_PATHS = NO;
				ASSETCATALOG_COMPILER_GENERATE_SWIFT_ASSET_SYMBOL_EXTENSIONS = YES;
				CLANG_ANALYZER_NONNULL = YES;
				CLANG_ANALYZER_NUMBER_OBJECT_CONVERSION = YES_AGGRESSIVE;
				CLANG_CXX_LANGUAGE_STANDARD = "gnu++20";
				CLANG_ENABLE_MODULES = YES;
				CLANG_ENABLE_OBJC_ARC = YES;
				CLANG_ENABLE_OBJC_WEAK = YES;
				CLANG_WARN_BLOCK_CAPTURE_AUTORELEASING = YES;
				CLANG_WARN_BOOL_CONVERSION = YES;
				CLANG_WARN_COMMA = YES;
				CLANG_WARN_CONSTANT_CONVERSION = YES;
				CLANG_WARN_DEPRECATED_OBJC_IMPLEMENTATIONS = YES;
				CLANG_WARN_DIRECT_OBJC_ISA_USAGE = YES_ERROR;
				CLANG_WARN_DOCUMENTATION_COMMENTS = YES;
				CLANG_WARN_EMPTY_BODY = YES;
				CLANG_WARN_ENUM_CONVERSION = YES;
				CLANG_WARN_INFINITE_RECURSION = YES;
				CLANG_WARN_INT_CONVERSION = YES;
				CLANG_WARN_NON_LITERAL_NULL_CONVERSION = YES;
				CLANG_WARN_OBJC_IMPLICIT_RETAIN_SELF = YES;
				CLANG_WARN_OBJC_LITERAL_CONVERSION = YES;
				CLANG_WARN_OBJC_ROOT_CLASS = YES_ERROR;
				CLANG_WARN_QUOTED_INCLUDE_IN_FRAMEWORK_HEADER = YES;
				CLANG_WARN_RANGE_LOOP_ANALYSIS = YES;
				CLANG_WARN_STRICT_PROTOTYPES = YES;
				CLANG_WARN_SUSPICIOUS_MOVE = YES;
				CLANG_WARN_UNGUARDED_AVAILABILITY = YES_AGGRESSIVE;
				CLANG_WARN_UNREACHABLE_CODE = YES;
				CLANG_WARN__DUPLICATE_METHOD_MATCH = YES;
				COPY_PHASE_STRIP = NO;
				DEBUG_INFORMATION_FORMAT = dwarf;
				ENABLE_STRICT_OBJC_MSGSEND = YES;
				ENABLE_TESTABILITY = YES;
				ENABLE_USER_SCRIPT_SANDBOXING = YES;
				GCC_C_LANGUAGE_STANDARD = gnu17;
				GCC_DYNAMIC_NO_PIC = NO;
				GCC_NO_COMMON_BLOCKS = YES;
				GCC_OPTIMIZATION_LEVEL = 0;
				GCC_PREPROCESSOR_DEFINITIONS = (
					"DEBUG=1",
					"$(inherited)",
				);
				GCC_WARN_64_TO_32_BIT_CONVERSION = YES;
				GCC_WARN_ABOUT_RETURN_TYPE = YES_ERROR;
				GCC_WARN_UNDECLARED_SELECTOR = YES;
				GCC_WARN_UNINITIALIZED_AUTOS = YES_AGGRESSIVE;
				GCC_WARN_UNUSED_FUNCTION = YES;
				GCC_WARN_UNUSED_VARIABLE = YES;
				IPHONEOS_DEPLOYMENT_TARGET = 17.2;
				LOCALIZATION_PREFERS_STRING_CATALOGS = YES;
				MTL_ENABLE_DEBUG_INFO = INCLUDE_SOURCE;
				MTL_FAST_MATH = YES;
				ONLY_ACTIVE_ARCH = YES;
				SDKROOT = iphoneos;
				SWIFT_ACTIVE_COMPILATION_CONDITIONS = "DEBUG $(inherited)";
				SWIFT_OPTIMIZATION_LEVEL = "-Onone";
			};
			name = Debug;
		};
		BBF779BD2C28044800C5F199 /* Release */ = {
			isa = XCBuildConfiguration;
			buildSettings = {
				ALWAYS_SEARCH_USER_PATHS = NO;
				ASSETCATALOG_COMPILER_GENERATE_SWIFT_ASSET_SYMBOL_EXTENSIONS = YES;
				CLANG_ANALYZER_NONNULL = YES;
				CLANG_ANALYZER_NUMBER_OBJECT_CONVERSION = YES_AGGRESSIVE;
				CLANG_CXX_LANGUAGE_STANDARD = "gnu++20";
				CLANG_ENABLE_MODULES = YES;
				CLANG_ENABLE_OBJC_ARC = YES;
				CLANG_ENABLE_OBJC_WEAK = YES;
				CLANG_WARN_BLOCK_CAPTURE_AUTORELEASING = YES;
				CLANG_WARN_BOOL_CONVERSION = YES;
				CLANG_WARN_COMMA = YES;
				CLANG_WARN_CONSTANT_CONVERSION = YES;
				CLANG_WARN_DEPRECATED_OBJC_IMPLEMENTATIONS = YES;
				CLANG_WARN_DIRECT_OBJC_ISA_USAGE = YES_ERROR;
				CLANG_WARN_DOCUMENTATION_COMMENTS = YES;
				CLANG_WARN_EMPTY_BODY = YES;
				CLANG_WARN_ENUM_CONVERSION = YES;
				CLANG_WARN_INFINITE_RECURSION = YES;
				CLANG_WARN_INT_CONVERSION = YES;
				CLANG_WARN_NON_LITERAL_NULL_CONVERSION = YES;
				CLANG_WARN_OBJC_IMPLICIT_RETAIN_SELF = YES;
				CLANG_WARN_OBJC_LITERAL_CONVERSION = YES;
				CLANG_WARN_OBJC_ROOT_CLASS = YES_ERROR;
				CLANG_WARN_QUOTED_INCLUDE_IN_FRAMEWORK_HEADER = YES;
				CLANG_WARN_RANGE_LOOP_ANALYSIS = YES;
				CLANG_WARN_STRICT_PROTOTYPES = YES;
				CLANG_WARN_SUSPICIOUS_MOVE = YES;
				CLANG_WARN_UNGUARDED_AVAILABILITY = YES_AGGRESSIVE;
				CLANG_WARN_UNREACHABLE_CODE = YES;
				CLANG_WARN__DUPLICATE_METHOD_MATCH = YES;
				COPY_PHASE_STRIP = NO;
				DEBUG_INFORMATION_FORMAT = "dwarf-with-dsym";
				ENABLE_NS_ASSERTIONS = NO;
				ENABLE_STRICT_OBJC_MSGSEND = YES;
				ENABLE_USER_SCRIPT_SANDBOXING = YES;
				GCC_C_LANGUAGE_STANDARD = gnu17;
				GCC_NO_COMMON_BLOCKS = YES;
				GCC_WARN_64_TO_32_BIT_CONVERSION = YES;
				GCC_WARN_ABOUT_RETURN_TYPE = YES_ERROR;
				GCC_WARN_UNDECLARED_SELECTOR = YES;
				GCC_WARN_UNINITIALIZED_AUTOS = YES_AGGRESSIVE;
				GCC_WARN_UNUSED_FUNCTION = YES;
				GCC_WARN_UNUSED_VARIABLE = YES;
				IPHONEOS_DEPLOYMENT_TARGET = 17.2;
				LOCALIZATION_PREFERS_STRING_CATALOGS = YES;
				MTL_ENABLE_DEBUG_INFO = NO;
				MTL_FAST_MATH = YES;
				SDKROOT = iphoneos;
				SWIFT_COMPILATION_MODE = wholemodule;
				VALIDATE_PRODUCT = YES;
			};
			name = Release;
		};
		BBF779BF2C28044800C5F199 /* Debug */ = {
			isa = XCBuildConfiguration;
			buildSettings = {
				ASSETCATALOG_COMPILER_APPICON_NAME = AppIcon;
				ASSETCATALOG_COMPILER_GLOBAL_ACCENT_COLOR_NAME = AccentColor;
				CODE_SIGN_STYLE = Automatic;
				CURRENT_PROJECT_VERSION = 1;
				DEVELOPMENT_TEAM = 4G4D5WHAZT;
				GENERATE_INFOPLIST_FILE = YES;
				INFOPLIST_FILE = Currency/Info.plist;
				INFOPLIST_KEY_UIApplicationSupportsIndirectInputEvents = YES;
				INFOPLIST_KEY_UILaunchStoryboardName = LaunchScreen;
				INFOPLIST_KEY_UISupportedInterfaceOrientations_iPad = "UIInterfaceOrientationPortrait UIInterfaceOrientationPortraitUpsideDown UIInterfaceOrientationLandscapeLeft UIInterfaceOrientationLandscapeRight";
				INFOPLIST_KEY_UISupportedInterfaceOrientations_iPhone = "UIInterfaceOrientationPortrait UIInterfaceOrientationLandscapeLeft UIInterfaceOrientationLandscapeRight";
				LD_RUNPATH_SEARCH_PATHS = (
					"$(inherited)",
					"@executable_path/Frameworks",
				);
				MARKETING_VERSION = 1.0;
				PRODUCT_BUNDLE_IDENTIFIER = local.Currency;
				PRODUCT_NAME = "$(TARGET_NAME)";
				SWIFT_EMIT_LOC_STRINGS = YES;
				SWIFT_VERSION = 5.0;
				TARGETED_DEVICE_FAMILY = "1,2";
			};
			name = Debug;
		};
		BBF779C02C28044800C5F199 /* Release */ = {
			isa = XCBuildConfiguration;
			buildSettings = {
				ASSETCATALOG_COMPILER_APPICON_NAME = AppIcon;
				ASSETCATALOG_COMPILER_GLOBAL_ACCENT_COLOR_NAME = AccentColor;
				CODE_SIGN_STYLE = Automatic;
				CURRENT_PROJECT_VERSION = 1;
				DEVELOPMENT_TEAM = 4G4D5WHAZT;
				GENERATE_INFOPLIST_FILE = YES;
				INFOPLIST_FILE = Currency/Info.plist;
				INFOPLIST_KEY_UIApplicationSupportsIndirectInputEvents = YES;
				INFOPLIST_KEY_UILaunchStoryboardName = LaunchScreen;
				INFOPLIST_KEY_UISupportedInterfaceOrientations_iPad = "UIInterfaceOrientationPortrait UIInterfaceOrientationPortraitUpsideDown UIInterfaceOrientationLandscapeLeft UIInterfaceOrientationLandscapeRight";
				INFOPLIST_KEY_UISupportedInterfaceOrientations_iPhone = "UIInterfaceOrientationPortrait UIInterfaceOrientationLandscapeLeft UIInterfaceOrientationLandscapeRight";
				LD_RUNPATH_SEARCH_PATHS = (
					"$(inherited)",
					"@executable_path/Frameworks",
				);
				MARKETING_VERSION = 1.0;
				PRODUCT_BUNDLE_IDENTIFIER = local.Currency;
				PRODUCT_NAME = "$(TARGET_NAME)";
				SWIFT_EMIT_LOC_STRINGS = YES;
				SWIFT_VERSION = 5.0;
				TARGETED_DEVICE_FAMILY = "1,2";
			};
			name = Release;
		};
/* End XCBuildConfiguration section */

/* Begin XCConfigurationList section */
		BBF779A52C28044600C5F199 /* Build configuration list for PBXProject "Currency" */ = {
			isa = XCConfigurationList;
			buildConfigurations = (
				BBF779BC2C28044800C5F199 /* Debug */,
				BBF779BD2C28044800C5F199 /* Release */,
			);
			defaultConfigurationIsVisible = 0;
			defaultConfigurationName = Release;
		};
		BBF779BE2C28044800C5F199 /* Build configuration list for PBXNativeTarget "Currency" */ = {
			isa = XCConfigurationList;
			buildConfigurations = (
				BBF779BF2C28044800C5F199 /* Debug */,
				BBF779C02C28044800C5F199 /* Release */,
			);
			defaultConfigurationIsVisible = 0;
			defaultConfigurationName = Release;
		};
/* End XCConfigurationList section */
	};
	rootObject = BBF779A22C28044600C5F199 /* Project object */;
}
